
Microsoft Visual Studio Solution File, Format Version 12.00
# Visual Studio Version 17
VisualStudioVersion = 17.4.33213.308
MinimumVisualStudioVersion = 10.0.40219.1
Project("{FAE04EC0-301F-11D3-BF4B-00C04F79EFBC}") = "EventsBusRabbitMQ.Api", "EventsBusRabbitMQ\EventsBusRabbitMQ.Api.csproj", "{822E716B-0204-42E4-A6FC-9B1CAD207055}"
EndProject
Project("{FAE04EC0-301F-11D3-BF4B-00C04F79EFBC}") = "EventsBus.Contract", "EventsBus.Contract\EventsBus.Contract.csproj", "{5101C9A0-736D-4737-82E4-0831393C265E}"
EndProject
Project("{FAE04EC0-301F-11D3-BF4B-00C04F79EFBC}") = "EventsBus.RabbitMQ", "EventsBus.RabbitMQ\EventsBus.RabbitMQ.csproj", "{19BFA76D-7386-49CC-9A85-07505958F75A}"
EndProject
Global
	GlobalSection(SolutionConfigurationPlatforms) = preSolution
		Debug|Any CPU = Debug|Any CPU
		Release|Any CPU = Release|Any CPU
	EndGlobalSection
	GlobalSection(ProjectConfigurationPlatforms) = postSolution
		{822E716B-0204-42E4-A6FC-9B1CAD207055}.Debug|Any CPU.ActiveCfg = Debug|Any CPU
		{822E716B-0204-42E4-A6FC-9B1CAD207055}.Debug|Any CPU.Build.0 = Debug|Any CPU
		{822E716B-0204-42E4-A6FC-9B1CAD207055}.Release|Any CPU.ActiveCfg = Release|Any CPU
		{822E716B-0204-42E4-A6FC-9B1CAD207055}.Release|Any CPU.Build.0 = Release|Any CPU
		{5101C9A0-736D-4737-82E4-0831393C265E}.Debug|Any CPU.ActiveCfg = Debug|Any CPU
		{5101C9A0-736D-4737-82E4-0831393C265E}.Debug|Any CPU.Build.0 = Debug|Any CPU
		{5101C9A0-736D-4737-82E4-0831393C265E}.Release|Any CPU.ActiveCfg = Release|Any CPU
		{5101C9A0-736D-4737-82E4-0831393C265E}.Release|Any CPU.Build.0 = Release|Any CPU
		{19BFA76D-7386-49CC-9A85-07505958F75A}.Debug|Any CPU.ActiveCfg = Debug|Any CPU
		{19BFA76D-7386-49CC-9A85-07505958F75A}.Debug|Any CPU.Build.0 = Debug|Any CPU
		{19BFA76D-7386-49CC-9A85-07505958F75A}.Release|Any CPU.ActiveCfg = Release|Any CPU
		{19BFA76D-7386-49CC-9A85-07505958F75A}.Release|Any CPU.Build.0 = Release|Any CPU
	EndGlobalSection
	GlobalSection(SolutionProperties) = preSolution
		HideSolutionNode = FALSE
	EndGlobalSection
	GlobalSection(ExtensibilityGlobals) = postSolution
		SolutionGuid = {B013F1A0-747F-486B-948F-5FBDAA4DB0A7}
	EndGlobalSection
EndGlobal
